{
  "name": "tetris",
  "version": "1.0.0",
  "lockfileVersion": 1,
  "requires": true,
  "dependencies": {
    "@vkontakte/vk-connect": {
      "version": "1.7.0",
      "resolved": "https://registry.npmjs.org/@vkontakte/vk-connect/-/vk-connect-1.7.0.tgz",
      "integrity": "sha512-z99N7KCZreP9aI0VtemHTPJmVC8YWCvagtgcFhk3oFmke1LoqF7BkYkA+Snk1XH6888X04q7ZtW4bClPVLC/Fw=="
    }
  }
}
